
Microsoft Visual Studio Solution File, Format Version 12.00
# Visual Studio Version 17
VisualStudioVersion = 17.0.31903.59
MinimumVisualStudioVersion = 10.0.40219.1
Project("{2150E333-8FDC-42A3-9474-1A3956D46DE8}") = "src", "src", "{7CBBAD9F-D8FC-48D9-9DF9-5E604FA8E924}"
EndProject
Project("{2150E333-8FDC-42A3-9474-1A3956D46DE8}") = "Core", "Core", "{58323528-B7F4-400D-B896-AA71F6234117}"
EndProject
Project("{FAE04EC0-301F-11D3-BF4B-00C04F79EFBC}") = "AccountingProject.Application", "src\Core\AccountingProject.Application\AccountingProject.Application.csproj", "{842342CA-7438-4CAE-9D0E-E8A60D27132D}"
EndProject
Project("{FAE04EC0-301F-11D3-BF4B-00C04F79EFBC}") = "AccountingProject.Domain", "src\Core\AccountingProject.Domain\AccountingProject.Domain.csproj", "{DF9D9CE2-D913-4650-B391-44A4AD3F9B5D}"
EndProject
Project("{2150E333-8FDC-42A3-9474-1A3956D46DE8}") = "External", "External", "{0B8CCE98-9264-4BFD-B38C-FDA1D7575DD6}"
EndProject
Project("{FAE04EC0-301F-11D3-BF4B-00C04F79EFBC}") = "AccountingProject.Infrastructure", "src\External\AccountingProject.Infrastructure\AccountingProject.Infrastructure.csproj", "{9F3CBECE-8C9A-4ECA-A436-55CD39024B7B}"
EndProject
Project("{FAE04EC0-301F-11D3-BF4B-00C04F79EFBC}") = "AccountingProject.Presentation", "src\External\AccountingProject.Presentation\AccountingProject.Presentation.csproj", "{49A1537A-56FA-40C0-8E8B-E3301F522E2D}"
EndProject
Project("{FAE04EC0-301F-11D3-BF4B-00C04F79EFBC}") = "AccountingProject.Persistance", "src\External\AccountingProject.Persistance\AccountingProject.Persistance.csproj", "{8B176984-1299-4E27-9A2F-6A2B01F18228}"
EndProject
Project("{FAE04EC0-301F-11D3-BF4B-00C04F79EFBC}") = "AccountingProject.WebAPI", "src\AccountingProject.WebAPI\AccountingProject.WebAPI.csproj", "{41E11529-D877-4E92-83E2-278DBB080F61}"
EndProject
Global
	GlobalSection(SolutionConfigurationPlatforms) = preSolution
		Debug|Any CPU = Debug|Any CPU
		Release|Any CPU = Release|Any CPU
	EndGlobalSection
	GlobalSection(SolutionProperties) = preSolution
		HideSolutionNode = FALSE
	EndGlobalSection
	GlobalSection(ProjectConfigurationPlatforms) = postSolution
		{842342CA-7438-4CAE-9D0E-E8A60D27132D}.Debug|Any CPU.ActiveCfg = Debug|Any CPU
		{842342CA-7438-4CAE-9D0E-E8A60D27132D}.Debug|Any CPU.Build.0 = Debug|Any CPU
		{842342CA-7438-4CAE-9D0E-E8A60D27132D}.Release|Any CPU.ActiveCfg = Release|Any CPU
		{842342CA-7438-4CAE-9D0E-E8A60D27132D}.Release|Any CPU.Build.0 = Release|Any CPU
		{DF9D9CE2-D913-4650-B391-44A4AD3F9B5D}.Debug|Any CPU.ActiveCfg = Debug|Any CPU
		{DF9D9CE2-D913-4650-B391-44A4AD3F9B5D}.Debug|Any CPU.Build.0 = Debug|Any CPU
		{DF9D9CE2-D913-4650-B391-44A4AD3F9B5D}.Release|Any CPU.ActiveCfg = Release|Any CPU
		{DF9D9CE2-D913-4650-B391-44A4AD3F9B5D}.Release|Any CPU.Build.0 = Release|Any CPU
		{9F3CBECE-8C9A-4ECA-A436-55CD39024B7B}.Debug|Any CPU.ActiveCfg = Debug|Any CPU
		{9F3CBECE-8C9A-4ECA-A436-55CD39024B7B}.Debug|Any CPU.Build.0 = Debug|Any CPU
		{9F3CBECE-8C9A-4ECA-A436-55CD39024B7B}.Release|Any CPU.ActiveCfg = Release|Any CPU
		{9F3CBECE-8C9A-4ECA-A436-55CD39024B7B}.Release|Any CPU.Build.0 = Release|Any CPU
		{49A1537A-56FA-40C0-8E8B-E3301F522E2D}.Debug|Any CPU.ActiveCfg = Debug|Any CPU
		{49A1537A-56FA-40C0-8E8B-E3301F522E2D}.Debug|Any CPU.Build.0 = Debug|Any CPU
		{49A1537A-56FA-40C0-8E8B-E3301F522E2D}.Release|Any CPU.ActiveCfg = Release|Any CPU
		{49A1537A-56FA-40C0-8E8B-E3301F522E2D}.Release|Any CPU.Build.0 = Release|Any CPU
		{8B176984-1299-4E27-9A2F-6A2B01F18228}.Debug|Any CPU.ActiveCfg = Debug|Any CPU
		{8B176984-1299-4E27-9A2F-6A2B01F18228}.Debug|Any CPU.Build.0 = Debug|Any CPU
		{8B176984-1299-4E27-9A2F-6A2B01F18228}.Release|Any CPU.ActiveCfg = Release|Any CPU
		{8B176984-1299-4E27-9A2F-6A2B01F18228}.Release|Any CPU.Build.0 = Release|Any CPU
		{41E11529-D877-4E92-83E2-278DBB080F61}.Debug|Any CPU.ActiveCfg = Debug|Any CPU
		{41E11529-D877-4E92-83E2-278DBB080F61}.Debug|Any CPU.Build.0 = Debug|Any CPU
		{41E11529-D877-4E92-83E2-278DBB080F61}.Release|Any CPU.ActiveCfg = Release|Any CPU
		{41E11529-D877-4E92-83E2-278DBB080F61}.Release|Any CPU.Build.0 = Release|Any CPU
	EndGlobalSection
	GlobalSection(NestedProjects) = preSolution
		{58323528-B7F4-400D-B896-AA71F6234117} = {7CBBAD9F-D8FC-48D9-9DF9-5E604FA8E924}
		{842342CA-7438-4CAE-9D0E-E8A60D27132D} = {58323528-B7F4-400D-B896-AA71F6234117}
		{DF9D9CE2-D913-4650-B391-44A4AD3F9B5D} = {58323528-B7F4-400D-B896-AA71F6234117}
		{0B8CCE98-9264-4BFD-B38C-FDA1D7575DD6} = {7CBBAD9F-D8FC-48D9-9DF9-5E604FA8E924}
		{9F3CBECE-8C9A-4ECA-A436-55CD39024B7B} = {0B8CCE98-9264-4BFD-B38C-FDA1D7575DD6}
		{49A1537A-56FA-40C0-8E8B-E3301F522E2D} = {0B8CCE98-9264-4BFD-B38C-FDA1D7575DD6}
		{8B176984-1299-4E27-9A2F-6A2B01F18228} = {0B8CCE98-9264-4BFD-B38C-FDA1D7575DD6}
		{41E11529-D877-4E92-83E2-278DBB080F61} = {7CBBAD9F-D8FC-48D9-9DF9-5E604FA8E924}
	EndGlobalSection
EndGlobal
